{
  "name": "saturn-app-theme-worona",
  "version": "1.9.0",
  "lockfileVersion": 1,
  "requires": true,
  "dependencies": {
    "asap": {
      "version": "2.0.5",
      "resolved": "https://registry.npmjs.org/asap/-/asap-2.0.5.tgz",
      "integrity": "sha1-UidltQw1EEkOUtfc/ghe+bqWlY8="
    },
    "babel-runtime": {
      "version": "6.23.0",
      "resolved": "https://registry.npmjs.org/babel-runtime/-/babel-runtime-6.23.0.tgz",
      "integrity": "sha1-CpSJ8UTecO+zzkMArM2zKeL8VDs=",
      "requires": {
        "core-js": "2.4.1",
        "regenerator-runtime": "0.10.5"
      }
    },
    "chain-function": {
      "version": "1.0.0",
      "resolved": "https://registry.npmjs.org/chain-function/-/chain-function-1.0.0.tgz",
      "integrity": "sha1-DUqzfn4Y6tC9xHuSB2QRjOWHM9w="
    },
    "classnames": {
      "version": "2.2.5",
      "resolved": "https://registry.npmjs.org/classnames/-/classnames-2.2.5.tgz",
      "integrity": "sha1-+zgB1FNGdknvNgPH1hoCvRKb3m0="
    },
    "color": {
      "version": "1.0.3",
      "resolved": "https://registry.npmjs.org/color/-/color-1.0.3.tgz",
      "integrity": "sha1-5I6DLYXxTvaU+0aIEcLVz+cptV0=",
      "requires": {
        "color-convert": "1.9.0",
        "color-string": "1.5.2"
      }
    },
    "color-convert": {
      "version": "1.9.0",
      "resolved": "https://registry.npmjs.org/color-convert/-/color-convert-1.9.0.tgz",
      "integrity": "sha1-Gsz5fdc5uYO/mU1W/sj5WFNkG3o=",
      "requires": {
        "color-name": "1.1.3"
      }
    },
    "color-name": {
      "version": "1.1.3",
      "resolved": "https://registry.npmjs.org/color-name/-/color-name-1.1.3.tgz",
      "integrity": "sha1-p9BVi9icQveV3UIyj3QIMcpTvCU="
    },
    "color-string": {
      "version": "1.5.2",
      "resolved": "https://registry.npmjs.org/color-string/-/color-string-1.5.2.tgz",
      "integrity": "sha1-JuRYFLw8mny9Z1FkikFDRRSnc6k=",
      "requires": {
        "color-name": "1.1.3",
        "simple-swizzle": "0.2.2"
      }
    },
    "consolidated-events": {
      "version": "1.1.0",
      "resolved": "https://registry.npmjs.org/consolidated-events/-/consolidated-events-1.1.0.tgz",
      "integrity": "sha1-LueqWcKzRuAMWNMkQzrOPEcSkiE="
    },
    "copy-to-clipboard": {
      "version": "3.0.8",
      "resolved": "https://registry.npmjs.org/copy-to-clipboard/-/copy-to-clipboard-3.0.8.tgz",
      "integrity": "sha512-c3GdeY8qxCHGezVb1EFQfHYK/8NZRemgcTIzPq7PuxjHAf/raKibn2QdhHPb/y6q74PMgH6yizaDZlRmw6QyKw==",
      "requires": {
        "toggle-selection": "1.0.6"
      }
    },
    "core-js": {
      "version": "2.4.1",
      "resolved": "https://registry.npmjs.org/core-js/-/core-js-2.4.1.tgz",
      "integrity": "sha1-TekR5mew6ukSTjQlS1OupvxhjT4="
    },
    "days": {
      "version": "1.1.1",
      "resolved": "https://registry.npmjs.org/days/-/days-1.1.1.tgz",
      "integrity": "sha512-vzeIwVsEIyA35GH4+mPd4hjVDNI87wYANyZFs0BHjBr5kIBH5zEl7LfD6Wr4SFZca4D3CU9IH1w4DuZLlXzKRw=="
    },
    "debug": {
      "version": "2.6.8",
      "resolved": "https://registry.npmjs.org/debug/-/debug-2.6.8.tgz",
      "integrity": "sha1-5zFTHKLt4n0YgiJCfaF4IdaP9Pw=",
      "requires": {
        "ms": "2.0.0"
      }
    },
    "dom-helpers": {
      "version": "3.2.1",
      "resolved": "https://registry.npmjs.org/dom-helpers/-/dom-helpers-3.2.1.tgz",
      "integrity": "sha1-MgPgf+0he9H0JLAZc1WC/Deyglo="
    },
    "encoding": {
      "version": "0.1.12",
      "resolved": "https://registry.npmjs.org/encoding/-/encoding-0.1.12.tgz",
      "integrity": "sha1-U4tm8+5izRq1HsMjgp0flIDHS+s=",
      "requires": {
        "iconv-lite": "0.4.17"
      }
    },
    "eventlistener": {
      "version": "0.0.1",
      "resolved": "https://registry.npmjs.org/eventlistener/-/eventlistener-0.0.1.tgz",
      "integrity": "sha1-7Suqu4UiJ68rz4iRUscsY8pTLrg="
    },
    "fbjs": {
      "version": "0.8.12",
      "resolved": "https://registry.npmjs.org/fbjs/-/fbjs-0.8.12.tgz",
      "integrity": "sha1-ELXZL3bUVXX9Y6IX1OoCvqL47QQ=",
      "requires": {
        "core-js": "1.2.7",
        "isomorphic-fetch": "2.2.1",
        "loose-envify": "1.3.1",
        "object-assign": "4.1.1",
        "promise": "7.1.1",
        "setimmediate": "1.0.5",
        "ua-parser-js": "0.7.12"
      },
      "dependencies": {
        "core-js": {
          "version": "1.2.7",
          "resolved": "https://registry.npmjs.org/core-js/-/core-js-1.2.7.tgz",
          "integrity": "sha1-ZSKUwUZR2yj6k70tX/KYOk8IxjY="
        }
      }
    },
    "fecha": {
      "version": "2.3.1",
      "resolved": "https://registry.npmjs.org/fecha/-/fecha-2.3.1.tgz",
      "integrity": "sha1-khtOWp0zGqqbZcFjSyb8RZRfZCE="
    },
    "format-date": {
      "version": "1.0.0",
      "resolved": "https://registry.npmjs.org/format-date/-/format-date-1.0.0.tgz",
      "integrity": "sha1-9hfwjiKpqWYCJEmC8iWmh/JcMH4=",
      "requires": {
        "days": "1.1.1",
        "left-pad": "1.1.3",
        "months": "1.2.0",
        "string-templater": "1.0.0"
      }
    },
    "he": {
      "version": "1.1.1",
      "resolved": "https://registry.npmjs.org/he/-/he-1.1.1.tgz",
      "integrity": "sha1-k0EP0hsAlzUVH4howvJx80J+I/0="
    },
    "himalaya": {
      "version": "0.2.10",
      "resolved": "https://registry.npmjs.org/himalaya/-/himalaya-0.2.10.tgz",
      "integrity": "sha512-W9q+hyr3vIIJcAiuGc27+C1W4WtkYAfQ6yiYv0brkmA6HX7f5GFPsFFTp8gouD8yCkgxVZioGT7T1WjRvGuFHg==",
      "requires": {
        "paul": "0.0.3"
      }
    },
    "iconv-lite": {
      "version": "0.4.17",
      "resolved": "https://registry.npmjs.org/iconv-lite/-/iconv-lite-0.4.17.tgz",
      "integrity": "sha1-T9qjs4rLwsAxsEXQ7c3+HsqxjI0="
    },
    "invariant": {
      "version": "2.2.2",
      "resolved": "https://registry.npmjs.org/invariant/-/invariant-2.2.2.tgz",
      "integrity": "sha1-nh9WrArNtr8wMwbzOL47IErmA2A=",
      "requires": {
        "loose-envify": "1.3.1"
      }
    },
    "is-arrayish": {
      "version": "0.3.1",
      "resolved": "https://registry.npmjs.org/is-arrayish/-/is-arrayish-0.3.1.tgz",
      "integrity": "sha1-wt/DhquqDD4zxI2z/ocFnmkGXv0="
    },
    "is-stream": {
      "version": "1.1.0",
      "resolved": "https://registry.npmjs.org/is-stream/-/is-stream-1.1.0.tgz",
      "integrity": "sha1-EtSj3U5o4Lec6428hBc66A2RykQ="
    },
    "isomorphic-fetch": {
      "version": "2.2.1",
      "resolved": "https://registry.npmjs.org/isomorphic-fetch/-/isomorphic-fetch-2.2.1.tgz",
      "integrity": "sha1-YRrhrPFPXoH3KVB0coGf6XM1WKk=",
      "requires": {
        "node-fetch": "1.7.1",
        "whatwg-fetch": "2.0.3"
      }
    },
    "js-tokens": {
      "version": "3.0.1",
      "resolved": "https://registry.npmjs.org/js-tokens/-/js-tokens-3.0.1.tgz",
      "integrity": "sha1-COnxMkhKLEWjCQfp3E1VZ7fxFNc="
    },
    "jsonp": {
      "version": "0.2.1",
      "resolved": "https://registry.npmjs.org/jsonp/-/jsonp-0.2.1.tgz",
      "integrity": "sha1-pltPoPEL2nGaBUQep7lMVfPhW64=",
      "requires": {
        "debug": "2.6.8"
      }
    },
    "keycode": {
      "version": "2.1.9",
      "resolved": "https://registry.npmjs.org/keycode/-/keycode-2.1.9.tgz",
      "integrity": "sha1-lkojxU5IiUBbSGGlyfBIDUUUHfo="
    },
    "left-pad": {
      "version": "1.1.3",
      "resolved": "https://registry.npmjs.org/left-pad/-/left-pad-1.1.3.tgz",
      "integrity": "sha1-YS9hwDPzqeCOk58crr7qQbbzGZo="
    },
    "lodash": {
      "version": "4.17.4",
      "resolved": "https://registry.npmjs.org/lodash/-/lodash-4.17.4.tgz",
      "integrity": "sha1-eCA6TRwyiuHYbcpkYONptX9AVa4="
    },
    "lodash.debounce": {
      "version": "4.0.8",
      "resolved": "https://registry.npmjs.org/lodash.debounce/-/lodash.debounce-4.0.8.tgz",
      "integrity": "sha1-gteb/zCmfEAF/9XiUVMArZyk168="
    },
    "lodash.throttle": {
      "version": "4.1.1",
      "resolved": "https://registry.npmjs.org/lodash.throttle/-/lodash.throttle-4.1.1.tgz",
      "integrity": "sha1-wj6RtxAkKscMN/HhzaknTMOb8vQ="
    },
    "loose-envify": {
      "version": "1.3.1",
      "resolved": "https://registry.npmjs.org/loose-envify/-/loose-envify-1.3.1.tgz",
      "integrity": "sha1-0aitM/qc4OcT1l/dCsi3SNR4yEg=",
      "requires": {
        "js-tokens": "3.0.1"
      }
    },
    "material-colors": {
      "version": "1.2.5",
      "resolved": "https://registry.npmjs.org/material-colors/-/material-colors-1.2.5.tgz",
      "integrity": "sha1-UpJZPmdUyxvMK5gDDk4Najr8nqE="
    },
    "months": {
      "version": "1.2.0",
      "resolved": "https://registry.npmjs.org/months/-/months-1.2.0.tgz",
      "integrity": "sha512-zFM7hUpziSYGk2DNObYGWgHdRRxAOgjl8CC1Rbl50p/q0rGDsREfk0nbxxmSIquVi/lEAuUY8nwbwkZ8biNCOQ=="
    },
    "ms": {
      "version": "2.0.0",
      "resolved": "https://registry.npmjs.org/ms/-/ms-2.0.0.tgz",
      "integrity": "sha1-VgiurfwAvmwpAd9fmGF4jeDVl8g="
    },
    "node-fetch": {
      "version": "1.7.1",
      "resolved": "https://registry.npmjs.org/node-fetch/-/node-fetch-1.7.1.tgz",
      "integrity": "sha512-j8XsFGCLw79vWXkZtMSmmLaOk9z5SQ9bV/tkbZVCqvgwzrjAGq66igobLofHtF63NvMTp2WjytpsNTGKa+XRIQ==",
      "requires": {
        "encoding": "0.1.12",
        "is-stream": "1.1.0"
      }
    },
    "object-assign": {
      "version": "4.1.1",
      "resolved": "https://registry.npmjs.org/object-assign/-/object-assign-4.1.1.tgz",
      "integrity": "sha1-IQmtx5ZYh8/AXLvUQsrIv7s2CGM="
    },
    "paul": {
      "version": "0.0.3",
      "resolved": "https://registry.npmjs.org/paul/-/paul-0.0.3.tgz",
      "integrity": "sha1-f77zPfaTbAUMt+nADCLL0RC3u08="
    },
    "performance-now": {
      "version": "0.2.0",
      "resolved": "https://registry.npmjs.org/performance-now/-/performance-now-0.2.0.tgz",
      "integrity": "sha1-M+8wxcd9TqIcWlOGnZG1bY8lVeU="
    },
    "platform": {
      "version": "1.3.4",
      "resolved": "https://registry.npmjs.org/platform/-/platform-1.3.4.tgz",
      "integrity": "sha1-bw+xftqqSPIUQrOpdcBjEw8cPr0="
    },
    "promise": {
      "version": "7.1.1",
      "resolved": "https://registry.npmjs.org/promise/-/promise-7.1.1.tgz",
      "integrity": "sha1-SJZUxpJha4qlWwck+oCbt9tJxb8=",
      "requires": {
        "asap": "2.0.5"
      }
    },
    "prop-types": {
      "version": "15.5.10",
      "resolved": "https://registry.npmjs.org/prop-types/-/prop-types-15.5.10.tgz",
      "integrity": "sha1-J5ffwxJhguOpXj37suiT3ddFYVQ=",
      "requires": {
        "fbjs": "0.8.12",
        "loose-envify": "1.3.1"
      }
    },
    "raf": {
      "version": "3.3.2",
      "resolved": "https://registry.npmjs.org/raf/-/raf-3.3.2.tgz",
      "integrity": "sha1-DBO+C1tJtG921maSSNUnzysC/ic=",
      "requires": {
        "performance-now": "2.1.0"
      },
      "dependencies": {
        "performance-now": {
          "version": "2.1.0",
          "resolved": "https://registry.npmjs.org/performance-now/-/performance-now-2.1.0.tgz",
          "integrity": "sha1-Ywn04OX6kT7BxpMHrjZLSzd8nns="
        }
      }
    },
    "rc-switch": {
      "version": "1.5.3",
      "resolved": "https://registry.npmjs.org/rc-switch/-/rc-switch-1.5.3.tgz",
      "integrity": "sha512-mOs6ZRgtioWt34CBrxC0nH5vJcg8cJ6RuDExN7qua3m9WYmd6NoSMgK3hXI7VDXuAsSLUGiE9MhJyIeeGcr57A==",
      "requires": {
        "babel-runtime": "6.23.0",
        "classnames": "2.2.5",
        "prop-types": "15.5.10"
      }
    },
    "react-addons-perf": {
      "version": "15.4.2",
      "resolved": "https://registry.npmjs.org/react-addons-perf/-/react-addons-perf-15.4.2.tgz",
      "integrity": "sha1-EQvc9cRZxPd8uF7WNLzTOXU2ODs=",
      "dev": true,
      "requires": {
        "fbjs": "0.8.12",
        "object-assign": "4.1.1"
      }
    },
    "react-color": {
      "version": "2.13.4",
      "resolved": "https://registry.npmjs.org/react-color/-/react-color-2.13.4.tgz",
      "integrity": "sha512-rNJTTxMPTImI1NpFaKLggDIvHgKOYRXj0krVh8c+Mo1YNsrLko8O94yiFqqdnSQgtIPteiAcGEJgBo9V5+uqaw==",
      "requires": {
        "lodash": "4.17.4",
        "material-colors": "1.2.5",
        "prop-types": "15.5.10",
        "reactcss": "1.2.2",
        "tinycolor2": "1.4.1"
      }
    },
    "react-copy-to-clipboard": {
      "version": "5.0.0",
      "resolved": "https://registry.npmjs.org/react-copy-to-clipboard/-/react-copy-to-clipboard-5.0.0.tgz",
      "integrity": "sha1-I8zdfE2ewsx2ODnipVsSIK608z0=",
      "requires": {
        "copy-to-clipboard": "3.0.8",
        "prop-types": "15.5.10"
      }
    },
    "react-disqus-comments": {
      "version": "1.0.3",
      "resolved": "https://registry.npmjs.org/react-disqus-comments/-/react-disqus-comments-1.0.3.tgz",
      "integrity": "sha512-qSavulvHpL6aTuAT01LXMEjoPlnOycSgPGZillL/Mlc72GD8WxxcP4wSSdzgSKeD3HXiXEUnDAi8SlroEJkQQA=="
    },
    "react-event-listener": {
      "version": "0.4.5",
      "resolved": "https://registry.npmjs.org/react-event-listener/-/react-event-listener-0.4.5.tgz",
      "integrity": "sha1-4+iVoJcM8U7o+JAROvaBl6vz0LE=",
      "requires": {
        "babel-runtime": "6.23.0",
        "fbjs": "0.8.12",
        "prop-types": "15.5.10",
        "warning": "3.0.0"
      }
    },
    "react-icon-base": {
      "version": "2.0.7",
      "resolved": "https://registry.npmjs.org/react-icon-base/-/react-icon-base-2.0.7.tgz",
      "integrity": "sha1-C9GHNr1s55ym1pzoOHoH+41M7/4=",
      "requires": {
        "prop-types": "15.5.8"
      },
      "dependencies": {
        "prop-types": {
          "version": "15.5.8",
          "resolved": "https://registry.npmjs.org/prop-types/-/prop-types-15.5.8.tgz",
          "integrity": "sha1-a3suFBCDvjjIWVqlH8VXdccZk5Q=",
          "requires": {
            "fbjs": "0.8.12"
          }
        }
      }
    },
    "react-icons": {
      "version": "2.2.5",
      "resolved": "https://registry.npmjs.org/react-icons/-/react-icons-2.2.5.tgz",
      "integrity": "sha1-+UJQHCGkzARWziu+5QMsk/YFHc8=",
      "requires": {
        "react-icon-base": "2.0.7"
      }
    },
    "react-lazy-load": {
      "version": "3.0.12",
      "resolved": "https://registry.npmjs.org/react-lazy-load/-/react-lazy-load-3.0.12.tgz",
      "integrity": "sha1-K4Qd/DIn6BGdAzGJ0slgzjhNDLk=",
      "requires": {
        "eventlistener": "0.0.1",
        "lodash.debounce": "4.0.8",
        "lodash.throttle": "4.1.1",
        "prop-types": "15.5.10"
      }
    },
    "react-motion": {
      "version": "0.5.1",
      "resolved": "https://registry.npmjs.org/react-motion/-/react-motion-0.5.1.tgz",
      "integrity": "sha512-umiUg2XTjJHK8z16VLLWVRC9Mr0GZhMrZTlGszXis8b9bc8rghtKfbvusxj65IAlGkO4R2l5pRXbvYlbCuGsmA==",
      "requires": {
        "performance-now": "0.2.0",
        "prop-types": "15.5.10",
        "raf": "3.3.2"
      }
    },
    "react-share": {
      "version": "1.15.0",
      "resolved": "https://registry.npmjs.org/react-share/-/react-share-1.15.0.tgz",
      "integrity": "sha1-KyxXbckKPt5J7Are3DEaGd9Kyro=",
      "requires": {
        "babel-runtime": "6.23.0",
        "classnames": "2.2.5",
        "jsonp": "0.2.1",
        "platform": "1.3.4",
        "prop-types": "15.5.10"
      }
    },
    "react-sortable-hoc": {
      "version": "0.6.7",
      "resolved": "https://registry.npmjs.org/react-sortable-hoc/-/react-sortable-hoc-0.6.7.tgz",
      "integrity": "sha1-4w0ke8Nt1aYFQwwzGsnLUKX6cqY=",
      "requires": {
        "babel-runtime": "6.23.0",
        "invariant": "2.2.2",
        "lodash": "4.17.4",
        "prop-types": "15.5.10"
      }
    },
    "react-swipeable-views": {
      "version": "0.12.5",
      "resolved": "https://registry.npmjs.org/react-swipeable-views/-/react-swipeable-views-0.12.5.tgz",
      "integrity": "sha1-/0OzXgXFZhS7Y6sDJ2nsj+klmw4=",
      "requires": {
        "babel-runtime": "6.23.0",
        "dom-helpers": "3.2.1",
        "prop-types": "15.5.10",
        "react-swipeable-views-core": "0.12.5",
        "react-swipeable-views-utils": "0.12.5",
        "warning": "3.0.0"
      }
    },
    "react-swipeable-views-core": {
      "version": "0.12.5",
      "resolved": "https://registry.npmjs.org/react-swipeable-views-core/-/react-swipeable-views-core-0.12.5.tgz",
      "integrity": "sha1-cRPzpchPhQQkR6fEnj8qIG6reTE=",
      "requires": {
        "babel-runtime": "6.23.0",
        "warning": "3.0.0"
      }
    },
    "react-swipeable-views-utils": {
      "version": "0.12.5",
      "resolved": "https://registry.npmjs.org/react-swipeable-views-utils/-/react-swipeable-views-utils-0.12.5.tgz",
      "integrity": "sha1-h43iEIyPtRYMwxIt4Qw/90GiiAE=",
      "requires": {
        "babel-runtime": "6.23.0",
        "fbjs": "0.8.12",
        "keycode": "2.1.9",
        "prop-types": "15.5.10",
        "react-event-listener": "0.4.5",
        "react-swipeable-views-core": "0.12.5"
      }
    },
    "react-transition-group": {
      "version": "2.2.0",
      "resolved": "https://registry.npmjs.org/react-transition-group/-/react-transition-group-2.2.0.tgz",
      "integrity": "sha1-eTv4yxW/6RsxAbJLzhwdKJFllXU=",
      "requires": {
        "chain-function": "1.0.0",
        "classnames": "2.2.5",
        "dom-helpers": "3.2.1",
        "loose-envify": "1.3.1",
        "prop-types": "15.5.10",
        "warning": "3.0.0"
      }
    },
    "react-truncate": {
      "version": "2.1.5",
      "resolved": "https://registry.npmjs.org/react-truncate/-/react-truncate-2.1.5.tgz",
      "integrity": "sha512-lAa5vIc/IpIRGPc1D/y8hpvxFvBT1Rb6yEPELAcDsJDS/Pq9rTL3m/LEALKtOHHSh2gxi5lvYl/exAZlm4GAoQ=="
    },
    "react-waypoint": {
      "version": "7.0.4",
      "resolved": "https://registry.npmjs.org/react-waypoint/-/react-waypoint-7.0.4.tgz",
      "integrity": "sha1-1G7MCP0ffuXXgrpHv1yHqkB+cxg=",
      "requires": {
        "consolidated-events": "1.1.0",
        "prop-types": "15.5.10"
      }
    },
    "reactcss": {
      "version": "1.2.2",
      "resolved": "https://registry.npmjs.org/reactcss/-/reactcss-1.2.2.tgz",
      "integrity": "sha1-QbDvQ+AdVIgDV8NLEawVMSCTUO8=",
      "requires": {
        "lodash": "4.17.4"
      }
    },
    "reading-time": {
      "version": "1.1.0",
      "resolved": "https://registry.npmjs.org/reading-time/-/reading-time-1.1.0.tgz",
      "integrity": "sha1-sKE8uFEfXqpXDPEE0boNaNUKpHE="
    },
    "regenerator-runtime": {
      "version": "0.10.5",
      "resolved": "https://registry.npmjs.org/regenerator-runtime/-/regenerator-runtime-0.10.5.tgz",
      "integrity": "sha1-M2w+/BIgrc7dosn6tntaeVWjNlg="
    },
    "setimmediate": {
      "version": "1.0.5",
      "resolved": "https://registry.npmjs.org/setimmediate/-/setimmediate-1.0.5.tgz",
      "integrity": "sha1-KQy7Iy4waULX1+qbg3Mqt4VvgoU="
    },
    "simple-swizzle": {
      "version": "0.2.2",
      "resolved": "https://registry.npmjs.org/simple-swizzle/-/simple-swizzle-0.2.2.tgz",
      "integrity": "sha1-pNprY1/8zMoz9w0Xy5JZLeleVXo=",
      "requires": {
        "is-arrayish": "0.3.1"
      }
    },
    "string-templater": {
      "version": "1.0.0",
      "resolved": "https://registry.npmjs.org/string-templater/-/string-templater-1.0.0.tgz",
      "integrity": "sha1-IfPGIBZ5erWJmYN515VGnhjn5yQ="
    },
    "tinycolor2": {
      "version": "1.4.1",
      "resolved": "https://registry.npmjs.org/tinycolor2/-/tinycolor2-1.4.1.tgz",
      "integrity": "sha1-9PrTM0R7wLB9TcjpIJ2POaisd+g="
    },
    "toggle-selection": {
      "version": "1.0.6",
      "resolved": "https://registry.npmjs.org/toggle-selection/-/toggle-selection-1.0.6.tgz",
      "integrity": "sha1-bkWxJj8gF/oKzH2J14sVuL932jI="
    },
    "ua-parser-js": {
      "version": "0.7.12",
      "resolved": "https://registry.npmjs.org/ua-parser-js/-/ua-parser-js-0.7.12.tgz",
      "integrity": "sha1-BMgamb3V3FImPqKdJMa/jUgYpLs="
    },
    "warning": {
      "version": "3.0.0",
      "resolved": "https://registry.npmjs.org/warning/-/warning-3.0.0.tgz",
      "integrity": "sha1-MuU3fLVy3kqwR1O9+IIcAe1gW3w=",
      "requires": {
        "loose-envify": "1.3.1"
      }
    },
    "whatwg-fetch": {
      "version": "2.0.3",
      "resolved": "https://registry.npmjs.org/whatwg-fetch/-/whatwg-fetch-2.0.3.tgz",
      "integrity": "sha1-nITsLc9oGH/wC8ZOEnS0QhduHIQ="
    },
    "why-did-you-update": {
      "version": "0.0.8",
      "resolved": "https://registry.npmjs.org/why-did-you-update/-/why-did-you-update-0.0.8.tgz",
      "integrity": "sha1-OJ2X3WwUfh7byfXVRw1E2YXIrjg=",
      "requires": {
        "lodash": "4.12.0"
      },
      "dependencies": {
        "lodash": {
          "version": "4.12.0",
          "resolved": "https://registry.npmjs.org/lodash/-/lodash-4.12.0.tgz",
          "integrity": "sha1-K9bcRqBA9Z5obJcu0h2T3FkFMlg="
        }
      }
    }
  }
}
