{
  "name": "saturn-app-theme-worona",
  "version": "1.5.4",
  "lockfileVersion": 1,
  "requires": true,
  "dependencies": {
    "adler-32": {
      "version": "1.2.0",
      "resolved": "https://registry.npmjs.org/adler-32/-/adler-32-1.2.0.tgz",
      "integrity": "sha1-aj5r8KY5ALoVZSgIyxXGgT0aXyU=",
      "requires": {
        "exit-on-epipe": "1.0.1",
        "printj": "1.1.1"
      }
    },
    "asap": {
      "version": "2.0.5",
      "resolved": "https://registry.npmjs.org/asap/-/asap-2.0.5.tgz",
      "integrity": "sha1-UidltQw1EEkOUtfc/ghe+bqWlY8="
    },
    "babel-runtime": {
      "version": "6.26.0",
      "resolved": "https://registry.npmjs.org/babel-runtime/-/babel-runtime-6.26.0.tgz",
      "integrity": "sha1-llxwWGaOgrVde/4E/yM3vItWR/4=",
      "requires": {
        "core-js": "2.5.3",
        "regenerator-runtime": "0.11.1"
      }
    },
    "chain-function": {
      "version": "1.0.0",
      "resolved": "https://registry.npmjs.org/chain-function/-/chain-function-1.0.0.tgz",
      "integrity": "sha1-DUqzfn4Y6tC9xHuSB2QRjOWHM9w="
    },
    "classnames": {
      "version": "2.2.5",
      "resolved": "https://registry.npmjs.org/classnames/-/classnames-2.2.5.tgz",
      "integrity": "sha1-+zgB1FNGdknvNgPH1hoCvRKb3m0="
    },
    "color-js": {
      "version": "1.0.4",
      "resolved": "https://registry.npmjs.org/color-js/-/color-js-1.0.4.tgz",
      "integrity": "sha1-l9d69BiLqOGVe6DVEuZGXzIej4I="
    },
    "consolidated-events": {
      "version": "1.1.1",
      "resolved": "https://registry.npmjs.org/consolidated-events/-/consolidated-events-1.1.1.tgz",
      "integrity": "sha1-JTlUZbNeUxOVQYt7vsteyvGY0Xk="
    },
    "copy-to-clipboard": {
      "version": "3.0.8",
      "resolved": "https://registry.npmjs.org/copy-to-clipboard/-/copy-to-clipboard-3.0.8.tgz",
      "integrity": "sha512-c3GdeY8qxCHGezVb1EFQfHYK/8NZRemgcTIzPq7PuxjHAf/raKibn2QdhHPb/y6q74PMgH6yizaDZlRmw6QyKw==",
      "requires": {
        "toggle-selection": "1.0.6"
      }
    },
    "core-js": {
      "version": "2.5.3",
      "resolved": "https://registry.npmjs.org/core-js/-/core-js-2.5.3.tgz",
      "integrity": "sha1-isw4NFgk8W2DZbfJtCWRaOjtYD4="
    },
    "days": {
      "version": "1.1.1",
      "resolved": "https://registry.npmjs.org/days/-/days-1.1.1.tgz",
      "integrity": "sha512-vzeIwVsEIyA35GH4+mPd4hjVDNI87wYANyZFs0BHjBr5kIBH5zEl7LfD6Wr4SFZca4D3CU9IH1w4DuZLlXzKRw=="
    },
    "debug": {
      "version": "2.6.9",
      "resolved": "https://registry.npmjs.org/debug/-/debug-2.6.9.tgz",
      "integrity": "sha512-bC7ElrdJaJnPbAP+1EotYvqZsb3ecl5wi6Bfi6BJTUcNowp6cvspg0jXznRTKDjm/E7AdgFBVeAPVMNcKGsHMA==",
      "requires": {
        "ms": "2.0.0"
      }
    },
    "dom-helpers": {
      "version": "3.3.1",
      "resolved": "https://registry.npmjs.org/dom-helpers/-/dom-helpers-3.3.1.tgz",
      "integrity": "sha512-2Sm+JaYn74OiTM2wHvxJOo3roiq/h25Yi69Fqk269cNUwIXsCvATB6CRSFC9Am/20G2b28hGv/+7NiWydIrPvg=="
    },
    "encoding": {
      "version": "0.1.12",
      "resolved": "https://registry.npmjs.org/encoding/-/encoding-0.1.12.tgz",
      "integrity": "sha1-U4tm8+5izRq1HsMjgp0flIDHS+s=",
      "requires": {
        "iconv-lite": "0.4.17"
      }
    },
    "exenv": {
      "version": "1.2.2",
      "resolved": "https://registry.npmjs.org/exenv/-/exenv-1.2.2.tgz",
      "integrity": "sha1-KueOhdmJQVhnCwPUe+wfA72Ru50="
    },
    "exit-on-epipe": {
      "version": "1.0.1",
      "resolved": "https://registry.npmjs.org/exit-on-epipe/-/exit-on-epipe-1.0.1.tgz",
      "integrity": "sha512-h2z5mrROTxce56S+pnvAV890uu7ls7f1kEvVGJbw1OlFH3/mlJ5bkXu0KRyW94v37zzHPiUd55iLn3DA7TjWpw=="
    },
    "fastdom": {
      "version": "1.0.8",
      "resolved": "https://registry.npmjs.org/fastdom/-/fastdom-1.0.8.tgz",
      "integrity": "sha512-UvXbYr/nsu4Z2XIjJXtJEMv5yhS9GIyEuZBZus6jOYSo3zMsw6/FtWUAeskmDK6tKnfPSo6renooyNWuq00ZKw==",
      "requires": {
        "strictdom": "1.0.1"
      }
    },
    "fbjs": {
      "version": "0.8.12",
      "resolved": "https://registry.npmjs.org/fbjs/-/fbjs-0.8.12.tgz",
      "integrity": "sha1-ELXZL3bUVXX9Y6IX1OoCvqL47QQ=",
      "requires": {
        "core-js": "1.2.7",
        "isomorphic-fetch": "2.2.1",
        "loose-envify": "1.3.1",
        "object-assign": "4.1.1",
        "promise": "7.1.1",
        "setimmediate": "1.0.5",
        "ua-parser-js": "0.7.12"
      },
      "dependencies": {
        "core-js": {
          "version": "1.2.7",
          "resolved": "https://registry.npmjs.org/core-js/-/core-js-1.2.7.tgz",
          "integrity": "sha1-ZSKUwUZR2yj6k70tX/KYOk8IxjY="
        }
      }
    },
    "fecha": {
      "version": "2.3.3",
      "resolved": "https://registry.npmjs.org/fecha/-/fecha-2.3.3.tgz",
      "integrity": "sha512-lUGBnIamTAwk4znq5BcqsDaxSmZ9nDVJaij6NvRt/Tg4R69gERA+otPKbS86ROw9nxVMw2/mp1fnaiWqbs6Sdg=="
    },
    "format-date": {
      "version": "1.0.0",
      "resolved": "https://registry.npmjs.org/format-date/-/format-date-1.0.0.tgz",
      "integrity": "sha1-9hfwjiKpqWYCJEmC8iWmh/JcMH4=",
      "requires": {
        "days": "1.1.1",
        "left-pad": "1.1.3",
        "months": "1.2.0",
        "string-templater": "1.0.0"
      }
    },
    "he": {
      "version": "1.1.1",
      "resolved": "https://registry.npmjs.org/he/-/he-1.1.1.tgz",
      "integrity": "sha1-k0EP0hsAlzUVH4howvJx80J+I/0="
    },
    "himalaya": {
      "version": "1.1.0",
      "resolved": "https://registry.npmjs.org/himalaya/-/himalaya-1.1.0.tgz",
      "integrity": "sha512-LLase1dHCRMel68/HZTFft0N0wti0epHr3nNY7ynpLbyZpmrKMQ8YIpiOV77TM97cNpC8Wb2n6f66IRggwdWPw=="
    },
    "iconv-lite": {
      "version": "0.4.17",
      "resolved": "https://registry.npmjs.org/iconv-lite/-/iconv-lite-0.4.17.tgz",
      "integrity": "sha1-T9qjs4rLwsAxsEXQ7c3+HsqxjI0="
    },
    "invariant": {
      "version": "2.2.2",
      "resolved": "https://registry.npmjs.org/invariant/-/invariant-2.2.2.tgz",
      "integrity": "sha1-nh9WrArNtr8wMwbzOL47IErmA2A=",
      "requires": {
        "loose-envify": "1.3.1"
      }
    },
    "is-stream": {
      "version": "1.1.0",
      "resolved": "https://registry.npmjs.org/is-stream/-/is-stream-1.1.0.tgz",
      "integrity": "sha1-EtSj3U5o4Lec6428hBc66A2RykQ="
    },
    "isomorphic-fetch": {
      "version": "2.2.1",
      "resolved": "https://registry.npmjs.org/isomorphic-fetch/-/isomorphic-fetch-2.2.1.tgz",
      "integrity": "sha1-YRrhrPFPXoH3KVB0coGf6XM1WKk=",
      "requires": {
        "node-fetch": "1.7.1",
        "whatwg-fetch": "2.0.3"
      }
    },
    "js-tokens": {
      "version": "3.0.1",
      "resolved": "https://registry.npmjs.org/js-tokens/-/js-tokens-3.0.1.tgz",
      "integrity": "sha1-COnxMkhKLEWjCQfp3E1VZ7fxFNc="
    },
    "jsonp": {
      "version": "0.2.1",
      "resolved": "https://registry.npmjs.org/jsonp/-/jsonp-0.2.1.tgz",
      "integrity": "sha1-pltPoPEL2nGaBUQep7lMVfPhW64=",
      "requires": {
        "debug": "2.6.9"
      }
    },
    "keycode": {
      "version": "2.2.0",
      "resolved": "https://registry.npmjs.org/keycode/-/keycode-2.2.0.tgz",
      "integrity": "sha1-PQr1bce4uOXLqNCpfxByBO7CKwQ="
    },
    "left-pad": {
      "version": "1.1.3",
      "resolved": "https://registry.npmjs.org/left-pad/-/left-pad-1.1.3.tgz",
      "integrity": "sha1-YS9hwDPzqeCOk58crr7qQbbzGZo="
    },
    "lodash": {
      "version": "4.17.4",
      "resolved": "https://registry.npmjs.org/lodash/-/lodash-4.17.4.tgz",
      "integrity": "sha1-eCA6TRwyiuHYbcpkYONptX9AVa4="
    },
    "loose-envify": {
      "version": "1.3.1",
      "resolved": "https://registry.npmjs.org/loose-envify/-/loose-envify-1.3.1.tgz",
      "integrity": "sha1-0aitM/qc4OcT1l/dCsi3SNR4yEg=",
      "requires": {
        "js-tokens": "3.0.1"
      }
    },
    "material-colors": {
      "version": "1.2.5",
      "resolved": "https://registry.npmjs.org/material-colors/-/material-colors-1.2.5.tgz",
      "integrity": "sha1-UpJZPmdUyxvMK5gDDk4Najr8nqE="
    },
    "mini.css": {
      "version": "2.3.7",
      "resolved": "https://registry.npmjs.org/mini.css/-/mini.css-2.3.7.tgz",
      "integrity": "sha1-H9AzeX7kVsgHX+gEgnHzX7ICq+U="
    },
    "months": {
      "version": "1.2.0",
      "resolved": "https://registry.npmjs.org/months/-/months-1.2.0.tgz",
      "integrity": "sha512-zFM7hUpziSYGk2DNObYGWgHdRRxAOgjl8CC1Rbl50p/q0rGDsREfk0nbxxmSIquVi/lEAuUY8nwbwkZ8biNCOQ=="
    },
    "ms": {
      "version": "2.0.0",
      "resolved": "https://registry.npmjs.org/ms/-/ms-2.0.0.tgz",
      "integrity": "sha1-VgiurfwAvmwpAd9fmGF4jeDVl8g="
    },
    "node-fetch": {
      "version": "1.7.1",
      "resolved": "https://registry.npmjs.org/node-fetch/-/node-fetch-1.7.1.tgz",
      "integrity": "sha512-j8XsFGCLw79vWXkZtMSmmLaOk9z5SQ9bV/tkbZVCqvgwzrjAGq66igobLofHtF63NvMTp2WjytpsNTGKa+XRIQ==",
      "requires": {
        "encoding": "0.1.12",
        "is-stream": "1.1.0"
      }
    },
    "object-assign": {
      "version": "4.1.1",
      "resolved": "https://registry.npmjs.org/object-assign/-/object-assign-4.1.1.tgz",
      "integrity": "sha1-IQmtx5ZYh8/AXLvUQsrIv7s2CGM="
    },
    "performance-now": {
      "version": "0.2.0",
      "resolved": "https://registry.npmjs.org/performance-now/-/performance-now-0.2.0.tgz",
      "integrity": "sha1-M+8wxcd9TqIcWlOGnZG1bY8lVeU="
    },
    "printj": {
      "version": "1.1.1",
      "resolved": "https://registry.npmjs.org/printj/-/printj-1.1.1.tgz",
      "integrity": "sha512-92lwY69sNMFVtJz9GswmGEN8n5ClTJJzQflshyN1hBHRX5XWphhDWobIY6BaFPGbS4JGlMZJ0735zTijdpfRsA=="
    },
    "promise": {
      "version": "7.1.1",
      "resolved": "https://registry.npmjs.org/promise/-/promise-7.1.1.tgz",
      "integrity": "sha1-SJZUxpJha4qlWwck+oCbt9tJxb8=",
      "requires": {
        "asap": "2.0.5"
      }
    },
    "prop-types": {
      "version": "15.6.0",
      "resolved": "https://registry.npmjs.org/prop-types/-/prop-types-15.6.0.tgz",
      "integrity": "sha1-zq8IMCL8RrSjX2nhPvda7Q1jmFY=",
      "requires": {
        "fbjs": "0.8.16",
        "loose-envify": "1.3.1",
        "object-assign": "4.1.1"
      },
      "dependencies": {
        "core-js": {
          "version": "1.2.7",
          "resolved": "https://registry.npmjs.org/core-js/-/core-js-1.2.7.tgz",
          "integrity": "sha1-ZSKUwUZR2yj6k70tX/KYOk8IxjY="
        },
        "fbjs": {
          "version": "0.8.16",
          "resolved": "https://registry.npmjs.org/fbjs/-/fbjs-0.8.16.tgz",
          "integrity": "sha1-XmdDL1UNxBtXK/VYR7ispk5TN9s=",
          "requires": {
            "core-js": "1.2.7",
            "isomorphic-fetch": "2.2.1",
            "loose-envify": "1.3.1",
            "object-assign": "4.1.1",
            "promise": "7.1.1",
            "setimmediate": "1.0.5",
            "ua-parser-js": "0.7.12"
          }
        }
      }
    },
    "punycode": {
      "version": "1.3.2",
      "resolved": "https://registry.npmjs.org/punycode/-/punycode-1.3.2.tgz",
      "integrity": "sha1-llOgNvt8HuQjQvIyXM7v6jkmxI0="
    },
    "querystring": {
      "version": "0.2.0",
      "resolved": "https://registry.npmjs.org/querystring/-/querystring-0.2.0.tgz",
      "integrity": "sha1-sgmEkgO7Jd+CDadW50cAWHhSFiA="
    },
    "raf": {
      "version": "3.4.0",
      "resolved": "https://registry.npmjs.org/raf/-/raf-3.4.0.tgz",
      "integrity": "sha512-pDP/NMRAXoTfrhCfyfSEwJAKLaxBU9eApMeBPB1TkDouZmvPerIClV8lTAd+uF8ZiTaVl69e1FCxQrAd/VTjGw==",
      "requires": {
        "performance-now": "2.1.0"
      },
      "dependencies": {
        "performance-now": {
          "version": "2.1.0",
          "resolved": "https://registry.npmjs.org/performance-now/-/performance-now-2.1.0.tgz",
          "integrity": "sha1-Ywn04OX6kT7BxpMHrjZLSzd8nns="
        }
      }
    },
    "rc-switch": {
      "version": "1.6.0",
      "resolved": "https://registry.npmjs.org/rc-switch/-/rc-switch-1.6.0.tgz",
      "integrity": "sha512-tlnYj92N/PxFLWJObATgSPYWESCFTUtdFjDRbCJFvSd4j2a8IFLz20X/5d3OTnFtf7DcxLTa/aGIPmsI3mFn3g==",
      "requires": {
        "babel-runtime": "6.26.0",
        "classnames": "2.2.5",
        "prop-types": "15.6.0"
      }
    },
    "react-addons-perf": {
      "version": "15.4.2",
      "resolved": "https://registry.npmjs.org/react-addons-perf/-/react-addons-perf-15.4.2.tgz",
      "integrity": "sha1-EQvc9cRZxPd8uF7WNLzTOXU2ODs=",
      "dev": true,
      "requires": {
        "fbjs": "0.8.12",
        "object-assign": "4.1.1"
      }
    },
    "react-color": {
      "version": "2.14.1",
      "resolved": "https://registry.npmjs.org/react-color/-/react-color-2.14.1.tgz",
      "integrity": "sha512-ssv2ArSZdhTbIs29hyfw8JW+s3G4BCx/ILkwCajWZzrcx/2ZQfRpsaLVt38LAPbxe50LLszlmGtRerA14JzzRw==",
      "requires": {
        "lodash": "4.17.4",
        "material-colors": "1.2.5",
        "prop-types": "15.6.0",
        "reactcss": "1.2.3",
        "tinycolor2": "1.4.1"
      }
    },
    "react-copy-to-clipboard": {
      "version": "5.0.1",
      "resolved": "https://registry.npmjs.org/react-copy-to-clipboard/-/react-copy-to-clipboard-5.0.1.tgz",
      "integrity": "sha512-ELKq31/E3zjFs5rDWNCfFL4NvNFQvGRoJdAKReD/rUPA+xxiLPQmZBZBvy2vgH7V0GE9isIQpT9WXbwIVErYdA==",
      "requires": {
        "copy-to-clipboard": "3.0.8",
        "prop-types": "15.6.0"
      }
    },
    "react-disqus-comments": {
      "version": "1.2.0",
      "resolved": "https://registry.npmjs.org/react-disqus-comments/-/react-disqus-comments-1.2.0.tgz",
      "integrity": "sha512-FS3+AW3lWU6PXM0p/q3exqKFI/FG12XqoU7TDquXG1xbLLdZC5Ux+C0VvAg2LEeWVK8gNu5NT9kg09oWJ7JFnw=="
    },
    "react-event-listener": {
      "version": "0.5.3",
      "resolved": "https://registry.npmjs.org/react-event-listener/-/react-event-listener-0.5.3.tgz",
      "integrity": "sha512-fTGYvhe7eTsqq0m664Km0rxKQcqLIGZWZINmy1LU0fu312tay8Mt3Twq2P5Xj1dfDVvvzT1Ql3/FDkiMPJ1MOg==",
      "requires": {
        "babel-runtime": "6.26.0",
        "fbjs": "0.8.16",
        "prop-types": "15.6.0",
        "warning": "3.0.0"
      },
      "dependencies": {
        "core-js": {
          "version": "1.2.7",
          "resolved": "https://registry.npmjs.org/core-js/-/core-js-1.2.7.tgz",
          "integrity": "sha1-ZSKUwUZR2yj6k70tX/KYOk8IxjY="
        },
        "fbjs": {
          "version": "0.8.16",
          "resolved": "https://registry.npmjs.org/fbjs/-/fbjs-0.8.16.tgz",
          "integrity": "sha1-XmdDL1UNxBtXK/VYR7ispk5TN9s=",
          "requires": {
            "core-js": "1.2.7",
            "isomorphic-fetch": "2.2.1",
            "loose-envify": "1.3.1",
            "object-assign": "4.1.1",
            "promise": "7.1.1",
            "setimmediate": "1.0.5",
            "ua-parser-js": "0.7.12"
          }
        }
      }
    },
    "react-icon-base": {
      "version": "git+https://github.com/wp-pwa/react-icon-base.git#159864c795eb1ab936a4741bad35eefd80371b61"
    },
    "react-icons": {
      "version": "git+https://github.com/wp-pwa/react-icons.git#04af5f98edd221e038c0f18f10771b9da206e423",
      "requires": {
        "react-icon-base": "git+https://github.com/wp-pwa/react-icon-base.git#159864c795eb1ab936a4741bad35eefd80371b61"
      }
    },
    "react-image-lightbox": {
      "version": "4.6.0",
      "resolved": "https://registry.npmjs.org/react-image-lightbox/-/react-image-lightbox-4.6.0.tgz",
      "integrity": "sha512-77nhT4D90z1lK8ztR40EiiXp0H/Py7dIccNT993Nq1HT168WXKqVSCmjB6IEA1uxjpkseal/tptTU7eVWoFH1A==",
      "requires": {
        "prop-types": "15.6.0",
        "react-modal": "3.3.2"
      }
    },
    "react-modal": {
      "version": "3.3.2",
      "resolved": "https://registry.npmjs.org/react-modal/-/react-modal-3.3.2.tgz",
      "integrity": "sha512-DLrmPG9PyXWSNA2ve1LttnNRE9Umy3u3awFeK+72dLOksLM+EoTg8Z2h/i/DV3O8ZGvnEhacjAVXdZuRDGvaag==",
      "requires": {
        "exenv": "1.2.2",
        "prop-types": "15.6.0",
        "warning": "3.0.0"
      }
    },
    "react-motion": {
      "version": "0.5.2",
      "resolved": "https://registry.npmjs.org/react-motion/-/react-motion-0.5.2.tgz",
      "integrity": "sha512-9q3YAvHoUiWlP3cK0v+w1N5Z23HXMj4IF4YuvjvWegWqNPfLXsOBE/V7UvQGpXxHFKRQQcNcVQE31g9SB/6qgQ==",
      "requires": {
        "performance-now": "0.2.0",
        "prop-types": "15.6.0",
        "raf": "3.4.0"
      }
    },
    "react-share": {
      "version": "1.19.1",
      "resolved": "https://registry.npmjs.org/react-share/-/react-share-1.19.1.tgz",
      "integrity": "sha512-qPtimGEKczQqRIiIy4K5JL+IiWk62hNIcNDFGKr28jfs1FZ4aAwLSQJonkxuzUcrJkns7HQLMRLUPCNmTo++CA==",
      "requires": {
        "babel-runtime": "6.26.0",
        "classnames": "2.2.5",
        "jsonp": "0.2.1",
        "prop-types": "15.6.0"
      }
    },
    "react-sortable-hoc": {
      "version": "0.6.8",
      "resolved": "https://registry.npmjs.org/react-sortable-hoc/-/react-sortable-hoc-0.6.8.tgz",
      "integrity": "sha512-sUUAtNdV84AKZ2o+F5lVOOFWcyWG6aGDkNFgHoieB1zFLeWLWENkix06asPS4/GhigfuRh06aZix1j3Qx8+NSQ==",
      "requires": {
        "babel-runtime": "6.26.0",
        "invariant": "2.2.2",
        "lodash": "4.17.4",
        "prop-types": "15.6.0"
      }
    },
    "react-swipeable-views": {
      "version": "0.12.13",
      "resolved": "https://registry.npmjs.org/react-swipeable-views/-/react-swipeable-views-0.12.13.tgz",
      "integrity": "sha512-1VjK1yfP292ISSIlOn8G6wBAFd4wKh6dKRa+/b44Oa80QrSJD/ZLeYjeACMbl4Rj0Yb3o1uVbVEOpml9+mDYKA==",
      "requires": {
        "babel-runtime": "6.26.0",
        "dom-helpers": "3.3.1",
        "prop-types": "15.6.0",
        "react-swipeable-views-core": "0.12.11",
        "react-swipeable-views-utils": "0.12.13",
        "warning": "3.0.0"
      }
    },
    "react-swipeable-views-core": {
      "version": "0.12.11",
      "resolved": "https://registry.npmjs.org/react-swipeable-views-core/-/react-swipeable-views-core-0.12.11.tgz",
      "integrity": "sha512-iQnQPFF10bx/xwIBhc0pVqMRS9i6c6rQp6ZRux7HUTFBk4BWcW7sNpmKRHSWv72nJnj+eF6jMrSSxZKhw8e8oA==",
      "requires": {
        "babel-runtime": "6.26.0",
        "warning": "3.0.0"
      }
    },
    "react-swipeable-views-utils": {
      "version": "0.12.13",
      "resolved": "https://registry.npmjs.org/react-swipeable-views-utils/-/react-swipeable-views-utils-0.12.13.tgz",
      "integrity": "sha512-RGd3KeQFaAaRdW7t4KjQGUXLYxLnvw4xbdytmN8gfb99eZ0Fyx17zQaUZa3DIqxREqiEpKzBXCjsPWeeKX5rtg==",
      "requires": {
        "babel-runtime": "6.26.0",
        "fbjs": "0.8.12",
        "keycode": "2.2.0",
        "prop-types": "15.6.0",
        "react-event-listener": "0.5.3",
        "react-swipeable-views-core": "0.12.11"
      }
    },
    "react-transition-group": {
      "version": "2.3.0",
      "resolved": "https://registry.npmjs.org/react-transition-group/-/react-transition-group-2.3.0.tgz",
      "integrity": "sha512-OU3/swEL8y233u5ajTn3FIcQQ/b3XWjLXB6e2LnM1OK5JATtsyfJvPTZ8c/dawHNqjUltcdHRSpgMtPe7v07pw==",
      "requires": {
        "chain-function": "1.0.0",
        "dom-helpers": "3.3.1",
        "loose-envify": "1.3.1",
        "prop-types": "15.6.0",
        "warning": "3.0.0"
      }
    },
    "react-waypoint": {
      "version": "7.3.4",
      "resolved": "https://registry.npmjs.org/react-waypoint/-/react-waypoint-7.3.4.tgz",
      "integrity": "sha1-b0oWfKccCHdXZpnWmACJ8AETf5A=",
      "requires": {
        "consolidated-events": "1.1.1",
        "prop-types": "15.6.0"
      }
    },
    "reactcss": {
      "version": "1.2.3",
      "resolved": "https://registry.npmjs.org/reactcss/-/reactcss-1.2.3.tgz",
      "integrity": "sha512-KiwVUcFu1RErkI97ywr8nvx8dNOpT03rbnma0SSalTYjkrPYaEajR4a/MRt6DZ46K6arDRbWMNHF+xH7G7n/8A==",
      "requires": {
        "lodash": "4.17.4"
      }
    },
    "reading-time": {
      "version": "1.1.0",
      "resolved": "https://registry.npmjs.org/reading-time/-/reading-time-1.1.0.tgz",
      "integrity": "sha1-sKE8uFEfXqpXDPEE0boNaNUKpHE="
    },
    "regenerator-runtime": {
      "version": "0.11.1",
      "resolved": "https://registry.npmjs.org/regenerator-runtime/-/regenerator-runtime-0.11.1.tgz",
      "integrity": "sha512-MguG95oij0fC3QV3URf4V2SDYGJhJnJGqvIIgdECeODCT98wSWDAJ94SSuVpYQUoTcGUIL6L4yNB7j1DFFHSBg=="
    },
    "setimmediate": {
      "version": "1.0.5",
      "resolved": "https://registry.npmjs.org/setimmediate/-/setimmediate-1.0.5.tgz",
      "integrity": "sha1-KQy7Iy4waULX1+qbg3Mqt4VvgoU="
    },
    "strictdom": {
      "version": "1.0.1",
      "resolved": "https://registry.npmjs.org/strictdom/-/strictdom-1.0.1.tgz",
      "integrity": "sha1-GJ3pFkn3PUTVm4Qy76aO+dJllGA="
    },
    "string-templater": {
      "version": "1.0.0",
      "resolved": "https://registry.npmjs.org/string-templater/-/string-templater-1.0.0.tgz",
      "integrity": "sha1-IfPGIBZ5erWJmYN515VGnhjn5yQ="
    },
    "tinycolor2": {
      "version": "1.4.1",
      "resolved": "https://registry.npmjs.org/tinycolor2/-/tinycolor2-1.4.1.tgz",
      "integrity": "sha1-9PrTM0R7wLB9TcjpIJ2POaisd+g="
    },
    "toggle-selection": {
      "version": "1.0.6",
      "resolved": "https://registry.npmjs.org/toggle-selection/-/toggle-selection-1.0.6.tgz",
      "integrity": "sha1-bkWxJj8gF/oKzH2J14sVuL932jI="
    },
    "ua-parser-js": {
      "version": "0.7.12",
      "resolved": "https://registry.npmjs.org/ua-parser-js/-/ua-parser-js-0.7.12.tgz",
      "integrity": "sha1-BMgamb3V3FImPqKdJMa/jUgYpLs="
    },
    "url": {
      "version": "0.11.0",
      "resolved": "https://registry.npmjs.org/url/-/url-0.11.0.tgz",
      "integrity": "sha1-ODjpfPxgUh63PFJajlW/3Z4uKPE=",
      "requires": {
        "punycode": "1.3.2",
        "querystring": "0.2.0"
      }
    },
    "warning": {
      "version": "3.0.0",
      "resolved": "https://registry.npmjs.org/warning/-/warning-3.0.0.tgz",
      "integrity": "sha1-MuU3fLVy3kqwR1O9+IIcAe1gW3w=",
      "requires": {
        "loose-envify": "1.3.1"
      }
    },
    "whatwg-fetch": {
      "version": "2.0.3",
      "resolved": "https://registry.npmjs.org/whatwg-fetch/-/whatwg-fetch-2.0.3.tgz",
      "integrity": "sha1-nITsLc9oGH/wC8ZOEnS0QhduHIQ="
    }
  }
}
